// !$*UTF8*$!
{
	archiveVersion = 1;
	classes = {
	};
	objectVersion = 46;
	objects = {

/* Begin PBXBuildFile section */
		011A12011E94C46C00129895 /* AppDelegate.m in Sources */ = {isa = PBXBuildFile; fileRef = 011A12001E94C46C00129895 /* AppDelegate.m */; };
		011A12041E94C46C00129895 /* main.m in Sources */ = {isa = PBXBuildFile; fileRef = 011A12031E94C46C00129895 /* main.m */; };
		011A12091E94C46C00129895 /* Assets.xcassets in Resources */ = {isa = PBXBuildFile; fileRef = 011A12081E94C46C00129895 /* Assets.xcassets */; };
		011A120C1E94C46C00129895 /* Main.storyboard in Resources */ = {isa = PBXBuildFile; fileRef = 011A120A1E94C46C00129895 /* Main.storyboard */; };
/* End PBXBuildFile section */

/* Begin PBXFileReference section */
		011A11FC1E94C46C00129895 /* HFIleShow.app */ = {isa = PBXFileReference; explicitFileType = wrapper.application; includeInIndex = 0; path = HFIleShow.app; sourceTree = BUILT_PRODUCTS_DIR; };
		011A11FF1E94C46C00129895 /* AppDelegate.h */ = {isa = PBXFileReference; lastKnownFileType = sourcecode.c.h; path = AppDelegate.h; sourceTree = "<group>"; };
		011A12001E94C46C00129895 /* AppDelegate.m */ = {isa = PBXFileReference; lastKnownFileType = sourcecode.c.objc; path = AppDelegate.m; sourceTree = "<group>"; };
		011A12031E94C46C00129895 /* main.m */ = {isa = PBXFileReference; lastKnownFileType = sourcecode.c.objc; path = main.m; sourceTree = "<group>"; };
		011A12081E94C46C00129895 /* Assets.xcassets */ = {isa = PBXFileReference; lastKnownFileType = folder.assetcatalog; path = Assets.xcassets; sourceTree = "<group>"; };
		011A120B1E94C46C00129895 /* Base */ = {isa = PBXFileReference; lastKnownFileType = file.storyboard; name = Base; path = Base.lproj/Main.storyboard; sourceTree = "<group>"; };
		011A120D1E94C46C00129895 /* Info.plist */ = {isa = PBXFileReference; lastKnownFileType = text.plist.xml; path = Info.plist; sourceTree = "<group>"; };
/* End PBXFileReference section */

/* Begin PBXFrameworksBuildPhase section */
		011A11F91E94C46C00129895 /* Frameworks */ = {
			isa = PBXFrameworksBuildPhase;
			buildActionMask = 2147483647;
			files = (
			);
			runOnlyForDeploymentPostprocessing = 0;
		};
/* End PBXFrameworksBuildPhase section */

/* Begin PBXGroup section */
		011A11F31E94C46C00129895 = {
			isa = PBXGroup;
			children = (
				011A11FE1E94C46C00129895 /* HFIleShow */,
				011A11FD1E94C46C00129895 /* Products */,
			);
			sourceTree = "<group>";
		};
		011A11FD1E94C46C00129895 /* Products */ = {
			isa = PBXGroup;
			children = (
				011A11FC1E94C46C00129895 /* HFIleShow.app */,
			);
			name = Products;
			sourceTree = "<group>";
		};
		011A11FE1E94C46C00129895 /* HFIleShow */ = {
			isa = PBXGroup;
			children = (
				01EE4D5D1E950A6500C1E72E /* Storyboard */,
				011A12081E94C46C00129895 /* Assets.xcassets */,
				011A120D1E94C46C00129895 /* Info.plist */,
				011A12021E94C46C00129895 /* Supporting Files */,
			);
			path = HFIleShow;
			sourceTree = "<group>";
		};
		011A12021E94C46C00129895 /* Supporting Files */ = {
			isa = PBXGroup;
			children = (
				011A11FF1E94C46C00129895 /* AppDelegate.h */,
				011A12001E94C46C00129895 /* AppDelegate.m */,
				011A12031E94C46C00129895 /* main.m */,
			);
			name = "Supporting Files";
			sourceTree = "<group>";
		};
		01EE4D5D1E950A6500C1E72E /* Storyboard */ = {
			isa = PBXGroup;
			children = (
				011A120A1E94C46C00129895 /* Main.storyboard */,
			);
			name = Storyboard;
			sourceTree = "<group>";
		};
/* End PBXGroup section */

/* Begin PBXNativeTarget section */
		011A11FB1E94C46C00129895 /* HFIleShow */ = {
			isa = PBXNativeTarget;
			buildConfigurationList = 011A12101E94C46C00129895 /* Build configuration list for PBXNativeTarget "HFIleShow" */;
			buildPhases = (
				011A11F81E94C46C00129895 /* Sources */,
				011A11F91E94C46C00129895 /* Frameworks */,
				011A11FA1E94C46C00129895 /* Resources */,
			);
			buildRules = (
			);
			dependencies = (
			);
			name = HFIleShow;
			productName = HFIleShow;
			productReference = 011A11FC1E94C46C00129895 /* HFIleShow.app */;
			productType = "com.apple.product-type.application";
		};
/* End PBXNativeTarget section */

/* Begin PBXProject section */
		011A11F41E94C46C00129895 /* Project object */ = {
			isa = PBXProject;
			attributes = {
				LastUpgradeCheck = 0830;
				ORGANIZATIONNAME = mjl;
				TargetAttributes = {
					011A11FB1E94C46C00129895 = {
						CreatedOnToolsVersion = 8.3;
						DevelopmentTeam = 8KJ785TW2B;
						ProvisioningStyle = Automatic;
					};
				};
			};
			buildConfigurationList = 011A11F71E94C46C00129895 /* Build configuration list for PBXProject "HFIleShow" */;
			compatibilityVersion = "Xcode 3.2";
			developmentRegion = English;
			hasScannedForEncodings = 0;
			knownRegions = (
				en,
				Base,
			);
			mainGroup = 011A11F31E94C46C00129895;
			productRefGroup = 011A11FD1E94C46C00129895 /* Products */;
			projectDirPath = "";
			projectRoot = "";
			targets = (
				011A11FB1E94C46C00129895 /* HFIleShow */,
			);
		};
/* End PBXProject section */

/* Begin PBXResourcesBuildPhase section */
		011A11FA1E94C46C00129895 /* Resources */ = {
			isa = PBXResourcesBuildPhase;
			buildActionMask = 2147483647;
			files = (
				011A12091E94C46C00129895 /* Assets.xcassets in Resources */,
				011A120C1E94C46C00129895 /* Main.storyboard in Resources */,
			);
			runOnlyForDeploymentPostprocessing = 0;
		};
/* End PBXResourcesBuildPhase section */

/* Begin PBXSourcesBuildPhase section */
		011A11F81E94C46C00129895 /* Sources */ = {
			isa = PBXSourcesBuildPhase;
			buildActionMask = 2147483647;
			files = (
				011A12041E94C46C00129895 /* main.m in Sources */,
				011A12011E94C46C00129895 /* AppDelegate.m in Sources */,
			);
			runOnlyForDeploymentPostprocessing = 0;
		};
/* End PBXSourcesBuildPhase section */

/* Begin PBXVariantGroup section */
		011A120A1E94C46C00129895 /* Main.storyboard */ = {
			isa = PBXVariantGroup;
			children = (
				011A120B1E94C46C00129895 /* Base */,
			);
			name = Main.storyboard;
			sourceTree = "<group>";
		};
/* End PBXVariantGroup section */

/* Begin XCBuildConfiguration section */
		011A120E1E94C46C00129895 /* Debug */ = {
			isa = XCBuildConfiguration;
			buildSettings = {
				ALWAYS_SEARCH_USER_PATHS = NO;
				CLANG_ANALYZER_NONNULL = YES;
				CLANG_ANALYZER_NUMBER_OBJECT_CONVERSION = YES_AGGRESSIVE;
				CLANG_CXX_LANGUAGE_STANDARD = "gnu++0x";
				CLANG_CXX_LIBRARY = "libc++";
				CLANG_ENABLE_MODULES = YES;
				CLANG_ENABLE_OBJC_ARC = YES;
				CLANG_WARN_BOOL_CONVERSION = YES;
				CLANG_WARN_CONSTANT_CONVERSION = YES;
				CLANG_WARN_DIRECT_OBJC_ISA_USAGE = YES_ERROR;
				CLANG_WARN_DOCUMENTATION_COMMENTS = YES;
				CLANG_WARN_EMPTY_BODY = YES;
				CLANG_WARN_ENUM_CONVERSION = YES;
				CLANG_WARN_INFINITE_RECURSION = YES;
				CLANG_WARN_INT_CONVERSION = YES;
				CLANG_WARN_OBJC_ROOT_CLASS = YES_ERROR;
				CLANG_WARN_SUSPICIOUS_MOVE = YES;
				CLANG_WARN_UNREACHABLE_CODE = YES;
				CLANG_WARN__DUPLICATE_METHOD_MATCH = YES;
				CODE_SIGN_IDENTITY = "-";
				COPY_PHASE_STRIP = NO;
				DEBUG_INFORMATION_FORMAT = dwarf;
				ENABLE_STRICT_OBJC_MSGSEND = YES;
				ENABLE_TESTABILITY = YES;
				GCC_C_LANGUAGE_STANDARD = gnu99;
				GCC_DYNAMIC_NO_PIC = NO;
				GCC_NO_COMMON_BLOCKS = YES;
				GCC_OPTIMIZATION_LEVEL = 0;
				GCC_PREPROCESSOR_DEFINITIONS = (
					"DEBUG=1",
					"$(inherited)",
				);
				GCC_WARN_64_TO_32_BIT_CONVERSION = YES;
				GCC_WARN_ABOUT_RETURN_TYPE = YES_ERROR;
				GCC_WARN_UNDECLARED_SELECTOR = YES;
				GCC_WARN_UNINITIALIZED_AUTOS = YES_AGGRESSIVE;
				GCC_WARN_UNUSED_FUNCTION = YES;
				GCC_WARN_UNUSED_VARIABLE = YES;
				MACOSX_DEPLOYMENT_TARGET = 10.12;
				MTL_ENABLE_DEBUG_INFO = YES;
				ONLY_ACTIVE_ARCH = YES;
				SDKROOT = macosx;
			};
			name = Debug;
		};
		011A120F1E94C46C00129895 /* Release */ = {
			isa = XCBuildConfiguration;
			buildSettings = {
				ALWAYS_SEARCH_USER_PATHS = NO;
				CLANG_ANALYZER_NONNULL = YES;
				CLANG_ANALYZER_NUMBER_OBJECT_CONVERSION = YES_AGGRESSIVE;
				CLANG_CXX_LANGUAGE_STANDARD = "gnu++0x";
				CLANG_CXX_LIBRARY = "libc++";
				CLANG_ENABLE_MODULES = YES;
				CLANG_ENABLE_OBJC_ARC = YES;
				CLANG_WARN_BOOL_CONVERSION = YES;
				CLANG_WARN_CONSTANT_CONVERSION = YES;
				CLANG_WARN_DIRECT_OBJC_ISA_USAGE = YES_ERROR;
				CLANG_WARN_DOCUMENTATION_COMMENTS = YES;
				CLANG_WARN_EMPTY_BODY = YES;
				CLANG_WARN_ENUM_CONVERSION = YES;
				CLANG_WARN_INFINITE_RECURSION = YES;
				CLANG_WARN_INT_CONVERSION = YES;
				CLANG_WARN_OBJC_ROOT_CLASS = YES_ERROR;
				CLANG_WARN_SUSPICIOUS_MOVE = YES;
				CLANG_WARN_UNREACHABLE_CODE = YES;
				CLANG_WARN__DUPLICATE_METHOD_MATCH = YES;
				CODE_SIGN_IDENTITY = "-";
				COPY_PHASE_STRIP = NO;
				DEBUG_INFORMATION_FORMAT = "dwarf-with-dsym";
				ENABLE_NS_ASSERTIONS = NO;
				ENABLE_STRICT_OBJC_MSGSEND = YES;
				GCC_C_LANGUAGE_STANDARD = gnu99;
				GCC_NO_COMMON_BLOCKS = YES;
				GCC_WARN_64_TO_32_BIT_CONVERSION = YES;
				GCC_WARN_ABOUT_RETURN_TYPE = YES_ERROR;
				GCC_WARN_UNDECLARED_SELECTOR = YES;
				GCC_WARN_UNINITIALIZED_AUTOS = YES_AGGRESSIVE;
				GCC_WARN_UNUSED_FUNCTION = YES;
				GCC_WARN_UNUSED_VARIABLE = YES;
				MACOSX_DEPLOYMENT_TARGET = 10.12;
				MTL_ENABLE_DEBUG_INFO = NO;
				SDKROOT = macosx;
			};
			name = Release;
		};
		011A12111E94C46C00129895 /* Debug */ = {
			isa = XCBuildConfiguration;
			buildSettings = {
				ASSETCATALOG_COMPILER_APPICON_NAME = AppIcon;
				CODE_SIGN_IDENTITY = "Mac Developer";
				COMBINE_HIDPI_IMAGES = YES;
				DEVELOPMENT_TEAM = 8KJ785TW2B;
				INFOPLIST_FILE = HFIleShow/Info.plist;
				LD_RUNPATH_SEARCH_PATHS = "$(inherited) @executable_path/../Frameworks";
				MACOSX_DEPLOYMENT_TARGET = 10.8;
				PRODUCT_BUNDLE_IDENTIFIER = com.majunliang.HFIleShow;
				PRODUCT_NAME = "$(TARGET_NAME)";
				PROVISIONING_PROFILE_SPECIFIER = "";
			};
			name = Debug;
		};
		011A12121E94C46C00129895 /* Release */ = {
			isa = XCBuildConfiguration;
			buildSettings = {
				ASSETCATALOG_COMPILER_APPICON_NAME = AppIcon;
				CODE_SIGN_IDENTITY = "Mac Developer";
				COMBINE_HIDPI_IMAGES = YES;
				DEVELOPMENT_TEAM = 8KJ785TW2B;
				INFOPLIST_FILE = HFIleShow/Info.plist;
				LD_RUNPATH_SEARCH_PATHS = "$(inherited) @executable_path/../Frameworks";
				MACOSX_DEPLOYMENT_TARGET = 10.8;
				PRODUCT_BUNDLE_IDENTIFIER = com.majunliang.HFIleShow;
				PRODUCT_NAME = "$(TARGET_NAME)";
				PROVISIONING_PROFILE_SPECIFIER = "";
			};
			name = Release;
		};
/* End XCBuildConfiguration section */

/* Begin XCConfigurationList section */
		011A11F71E94C46C00129895 /* Build configuration list for PBXProject "HFIleShow" */ = {
			isa = XCConfigurationList;
			buildConfigurations = (
				011A120E1E94C46C00129895 /* Debug */,
				011A120F1E94C46C00129895 /* Release */,
			);
			defaultConfigurationIsVisible = 0;
			defaultConfigurationName = Release;
		};
		011A12101E94C46C00129895 /* Build configuration list for PBXNativeTarget "HFIleShow" */ = {
			isa = XCConfigurationList;
			buildConfigurations = (
				011A12111E94C46C00129895 /* Debug */,
				011A12121E94C46C00129895 /* Release */,
			);
			defaultConfigurationIsVisible = 0;
			defaultConfigurationName = Release;
		};
/* End XCConfigurationList section */
	};
	rootObject = 011A11F41E94C46C00129895 /* Project object */;
}
